
Microsoft Visual Studio Solution File, Format Version 12.00
# Visual Studio Version 17
VisualStudioVersion = 17.0.31903.59
MinimumVisualStudioVersion = 10.0.40219.1
Project("{2150E333-8FDC-42A3-9474-1A3956D46DE8}") = "src", "src", "{D9B80780-3AFC-4ED2-AF27-5E443DFA6871}"
EndProject
Project("{FAE04EC0-301F-11D3-BF4B-00C04F79EFBC}") = "NunitLab.ConsoleUi", "src\NunitLab.ConsoleUi\NunitLab.ConsoleUi.csproj", "{BC38E8E6-7560-428E-805E-3F3F0AFD6033}"
EndProject
Project("{FAE04EC0-301F-11D3-BF4B-00C04F79EFBC}") = "NunitLab.Api", "src\NunitLab.Api\NunitLab.Api.csproj", "{B4F00853-5A41-4B5C-A916-ED2B6912D427}"
EndProject
Project("{2150E333-8FDC-42A3-9474-1A3956D46DE8}") = "test", "test", "{EA5781F3-82DF-4D3D-882E-32E07F906BA3}"
EndProject
Project("{FAE04EC0-301F-11D3-BF4B-00C04F79EFBC}") = "NunitLab.UnitTests", "test\NunitLab.UnitTests\NunitLab.UnitTests.csproj", "{93F4837F-0579-4D85-8334-DA1314A7E083}"
EndProject
Global
	GlobalSection(SolutionConfigurationPlatforms) = preSolution
		Debug|Any CPU = Debug|Any CPU
		Release|Any CPU = Release|Any CPU
	EndGlobalSection
	GlobalSection(SolutionProperties) = preSolution
		HideSolutionNode = FALSE
	EndGlobalSection
	GlobalSection(ProjectConfigurationPlatforms) = postSolution
		{BC38E8E6-7560-428E-805E-3F3F0AFD6033}.Debug|Any CPU.ActiveCfg = Debug|Any CPU
		{BC38E8E6-7560-428E-805E-3F3F0AFD6033}.Debug|Any CPU.Build.0 = Debug|Any CPU
		{BC38E8E6-7560-428E-805E-3F3F0AFD6033}.Release|Any CPU.ActiveCfg = Release|Any CPU
		{BC38E8E6-7560-428E-805E-3F3F0AFD6033}.Release|Any CPU.Build.0 = Release|Any CPU
		{B4F00853-5A41-4B5C-A916-ED2B6912D427}.Debug|Any CPU.ActiveCfg = Debug|Any CPU
		{B4F00853-5A41-4B5C-A916-ED2B6912D427}.Debug|Any CPU.Build.0 = Debug|Any CPU
		{B4F00853-5A41-4B5C-A916-ED2B6912D427}.Release|Any CPU.ActiveCfg = Release|Any CPU
		{B4F00853-5A41-4B5C-A916-ED2B6912D427}.Release|Any CPU.Build.0 = Release|Any CPU
		{93F4837F-0579-4D85-8334-DA1314A7E083}.Debug|Any CPU.ActiveCfg = Debug|Any CPU
		{93F4837F-0579-4D85-8334-DA1314A7E083}.Debug|Any CPU.Build.0 = Debug|Any CPU
		{93F4837F-0579-4D85-8334-DA1314A7E083}.Release|Any CPU.ActiveCfg = Release|Any CPU
		{93F4837F-0579-4D85-8334-DA1314A7E083}.Release|Any CPU.Build.0 = Release|Any CPU
	EndGlobalSection
	GlobalSection(NestedProjects) = preSolution
		{BC38E8E6-7560-428E-805E-3F3F0AFD6033} = {D9B80780-3AFC-4ED2-AF27-5E443DFA6871}
		{B4F00853-5A41-4B5C-A916-ED2B6912D427} = {D9B80780-3AFC-4ED2-AF27-5E443DFA6871}
		{93F4837F-0579-4D85-8334-DA1314A7E083} = {EA5781F3-82DF-4D3D-882E-32E07F906BA3}
	EndGlobalSection
EndGlobal
