Microsoft Visual Studio Solution File, Format Version 12.00
# Visual Studio Version 17
VisualStudioVersion = 17.5.2.0
MinimumVisualStudioVersion = 10.0.40219.1
Project("{FAE04EC0-301F-11D3-BF4B-00C04F79EFBC}") = "EventStockMonitorLab", "EventStockMonitorLab\EventStockMonitorLab.csproj", "{10CC59DC-D1FD-EE9F-AC65-5C7F7E32BB38}"
EndProject
Global
	GlobalSection(SolutionConfigurationPlatforms) = preSolution
		Debug|Any CPU = Debug|Any CPU
		Release|Any CPU = Release|Any CPU
	EndGlobalSection
	GlobalSection(ProjectConfigurationPlatforms) = postSolution
		{10CC59DC-D1FD-EE9F-AC65-5C7F7E32BB38}.Debug|Any CPU.ActiveCfg = Debug|Any CPU
		{10CC59DC-D1FD-EE9F-AC65-5C7F7E32BB38}.Debug|Any CPU.Build.0 = Debug|Any CPU
		{10CC59DC-D1FD-EE9F-AC65-5C7F7E32BB38}.Release|Any CPU.ActiveCfg = Release|Any CPU
		{10CC59DC-D1FD-EE9F-AC65-5C7F7E32BB38}.Release|Any CPU.Build.0 = Release|Any CPU
	EndGlobalSection
	GlobalSection(SolutionProperties) = preSolution
		HideSolutionNode = FALSE
	EndGlobalSection
	GlobalSection(ExtensibilityGlobals) = postSolution
		SolutionGuid = {45775D38-D000-414D-8E08-041978AD793C}
	EndGlobalSection
EndGlobal
